
Microsoft Visual Studio Solution File, Format Version 12.00
# Visual Studio Version 16
VisualStudioVersion = 16.0.810.22
MinimumVisualStudioVersion = 10.0.40219.1
Project("{FAE04EC0-301F-11D3-BF4B-00C04F79EFBC}") = "ScrumBoard", "ScrumBoard\ScrumBoard.csproj", "{BDE52B84-C15B-46FE-B3CF-04E086C3AB27}"
EndProject
Global
	GlobalSection(SolutionConfigurationPlatforms) = preSolution
		Debug|Any CPU = Debug|Any CPU
		Release|Any CPU = Release|Any CPU
	EndGlobalSection
	GlobalSection(ProjectConfigurationPlatforms) = postSolution
		{BDE52B84-C15B-46FE-B3CF-04E086C3AB27}.Debug|Any CPU.ActiveCfg = Debug|Any CPU
		{BDE52B84-C15B-46FE-B3CF-04E086C3AB27}.Debug|Any CPU.Build.0 = Debug|Any CPU
		{BDE52B84-C15B-46FE-B3CF-04E086C3AB27}.Release|Any CPU.ActiveCfg = Release|Any CPU
		{BDE52B84-C15B-46FE-B3CF-04E086C3AB27}.Release|Any CPU.Build.0 = Release|Any CPU
	EndGlobalSection
	GlobalSection(SolutionProperties) = preSolution
		HideSolutionNode = FALSE
	EndGlobalSection
	GlobalSection(ExtensibilityGlobals) = postSolution
		SolutionGuid = {032E402B-88D5-4F01-AF96-780B6D0CCE2E}
	EndGlobalSection
EndGlobal
